// !$*UTF8*$!
{
	archiveVersion = 1;
	classes = {
	};
	objectVersion = 51;
	objects = {

/* Begin PBXBuildFile section */
		04AE45BA22BDEF6E006F0C40 /* AppDelegate.swift in Sources */ = {isa = PBXBuildFile; fileRef = 04AE45B922BDEF6E006F0C40 /* AppDelegate.swift */; };
		04AE45BC22BDEF6E006F0C40 /* TodoListViewController.swift in Sources */ = {isa = PBXBuildFile; fileRef = 04AE45BB22BDEF6E006F0C40 /* TodoListViewController.swift */; };
		04AE45BF22BDEF6E006F0C40 /* Main.storyboard in Resources */ = {isa = PBXBuildFile; fileRef = 04AE45BD22BDEF6E006F0C40 /* Main.storyboard */; };
		04AE45C122BDEF70006F0C40 /* Assets.xcassets in Resources */ = {isa = PBXBuildFile; fileRef = 04AE45C022BDEF70006F0C40 /* Assets.xcassets */; };
		04AE45C422BDEF70006F0C40 /* LaunchScreen.storyboard in Resources */ = {isa = PBXBuildFile; fileRef = 04AE45C222BDEF70006F0C40 /* LaunchScreen.storyboard */; };
		04C0E7E922C3300300492253 /* CategoryTableViewController.swift in Sources */ = {isa = PBXBuildFile; fileRef = 04C0E7E822C3300300492253 /* CategoryTableViewController.swift */; };
		04EB8FAE22C7C6700001BBC8 /* Item.swift in Sources */ = {isa = PBXBuildFile; fileRef = 04EB8FAD22C7C6700001BBC8 /* Item.swift */; };
		04EB8FB022C7C6790001BBC8 /* Category.swift in Sources */ = {isa = PBXBuildFile; fileRef = 04EB8FAF22C7C6790001BBC8 /* Category.swift */; };
		4050C1388374CEB5D92FC069 /* Pods_Todoey.framework in Frameworks */ = {isa = PBXBuildFile; fileRef = A06DF66AFDEE1991ED5622E2 /* Pods_Todoey.framework */; };
/* End PBXBuildFile section */

/* Begin PBXFileReference section */
		04AE45B622BDEF6E006F0C40 /* Todoey.app */ = {isa = PBXFileReference; explicitFileType = wrapper.application; includeInIndex = 0; path = Todoey.app; sourceTree = BUILT_PRODUCTS_DIR; };
		04AE45B922BDEF6E006F0C40 /* AppDelegate.swift */ = {isa = PBXFileReference; lastKnownFileType = sourcecode.swift; path = AppDelegate.swift; sourceTree = "<group>"; };
		04AE45BB22BDEF6E006F0C40 /* TodoListViewController.swift */ = {isa = PBXFileReference; lastKnownFileType = sourcecode.swift; path = TodoListViewController.swift; sourceTree = "<group>"; };
		04AE45BE22BDEF6E006F0C40 /* Base */ = {isa = PBXFileReference; lastKnownFileType = file.storyboard; name = Base; path = Base.lproj/Main.storyboard; sourceTree = "<group>"; };
		04AE45C022BDEF70006F0C40 /* Assets.xcassets */ = {isa = PBXFileReference; lastKnownFileType = folder.assetcatalog; path = Assets.xcassets; sourceTree = "<group>"; };
		04AE45C322BDEF70006F0C40 /* Base */ = {isa = PBXFileReference; lastKnownFileType = file.storyboard; name = Base; path = Base.lproj/LaunchScreen.storyboard; sourceTree = "<group>"; };
		04AE45C522BDEF70006F0C40 /* Info.plist */ = {isa = PBXFileReference; lastKnownFileType = text.plist.xml; path = Info.plist; sourceTree = "<group>"; };
		04C0E7E822C3300300492253 /* CategoryTableViewController.swift */ = {isa = PBXFileReference; lastKnownFileType = sourcecode.swift; path = CategoryTableViewController.swift; sourceTree = "<group>"; };
		04EB8FAD22C7C6700001BBC8 /* Item.swift */ = {isa = PBXFileReference; lastKnownFileType = sourcecode.swift; path = Item.swift; sourceTree = "<group>"; };
		04EB8FAF22C7C6790001BBC8 /* Category.swift */ = {isa = PBXFileReference; lastKnownFileType = sourcecode.swift; path = Category.swift; sourceTree = "<group>"; };
		09CCF3ED096F07391AAA05DB /* Pods-Todoey.debug.xcconfig */ = {isa = PBXFileReference; includeInIndex = 1; lastKnownFileType = text.xcconfig; name = "Pods-Todoey.debug.xcconfig"; path = "Target Support Files/Pods-Todoey/Pods-Todoey.debug.xcconfig"; sourceTree = "<group>"; };
		A06DF66AFDEE1991ED5622E2 /* Pods_Todoey.framework */ = {isa = PBXFileReference; explicitFileType = wrapper.framework; includeInIndex = 0; path = Pods_Todoey.framework; sourceTree = BUILT_PRODUCTS_DIR; };
		F2BF724CB411CDF55ADD74B9 /* Pods-Todoey.release.xcconfig */ = {isa = PBXFileReference; includeInIndex = 1; lastKnownFileType = text.xcconfig; name = "Pods-Todoey.release.xcconfig"; path = "Target Support Files/Pods-Todoey/Pods-Todoey.release.xcconfig"; sourceTree = "<group>"; };
/* End PBXFileReference section */

/* Begin PBXFrameworksBuildPhase section */
		04AE45B322BDEF6E006F0C40 /* Frameworks */ = {
			isa = PBXFrameworksBuildPhase;
			buildActionMask = 2147483647;
			files = (
				4050C1388374CEB5D92FC069 /* Pods_Todoey.framework in Frameworks */,
			);
			runOnlyForDeploymentPostprocessing = 0;
		};
/* End PBXFrameworksBuildPhase section */

/* Begin PBXGroup section */
		0405F35122BED7B400D10155 /* Data Model */ = {
			isa = PBXGroup;
			children = (
				04EB8FAF22C7C6790001BBC8 /* Category.swift */,
				04EB8FAD22C7C6700001BBC8 /* Item.swift */,
			);
			path = "Data Model";
			sourceTree = "<group>";
		};
		0405F35222BED7DA00D10155 /* Controllers */ = {
			isa = PBXGroup;
			children = (
				04C0E7E822C3300300492253 /* CategoryTableViewController.swift */,
				04AE45BB22BDEF6E006F0C40 /* TodoListViewController.swift */,
			);
			path = Controllers;
			sourceTree = "<group>";
		};
		0405F35322BED7E900D10155 /* Views */ = {
			isa = PBXGroup;
			children = (
				04AE45BD22BDEF6E006F0C40 /* Main.storyboard */,
			);
			path = Views;
			sourceTree = "<group>";
		};
		0405F35422BED80B00D10155 /* Supporting Files */ = {
			isa = PBXGroup;
			children = (
				04AE45C022BDEF70006F0C40 /* Assets.xcassets */,
				04AE45C222BDEF70006F0C40 /* LaunchScreen.storyboard */,
			);
			path = "Supporting Files";
			sourceTree = "<group>";
		};
		04AE45AD22BDEF6E006F0C40 = {
			isa = PBXGroup;
			children = (
				04AE45B822BDEF6E006F0C40 /* Todoey */,
				04AE45B722BDEF6E006F0C40 /* Products */,
				D64BB7136FC1AD043B23ED7D /* Pods */,
				723792A7CB4FFC87ED6D0849 /* Frameworks */,
			);
			sourceTree = "<group>";
		};
		04AE45B722BDEF6E006F0C40 /* Products */ = {
			isa = PBXGroup;
			children = (
				04AE45B622BDEF6E006F0C40 /* Todoey.app */,
			);
			name = Products;
			sourceTree = "<group>";
		};
		04AE45B822BDEF6E006F0C40 /* Todoey */ = {
			isa = PBXGroup;
			children = (
				04AE45B922BDEF6E006F0C40 /* AppDelegate.swift */,
				0405F35222BED7DA00D10155 /* Controllers */,
				0405F35122BED7B400D10155 /* Data Model */,
				0405F35322BED7E900D10155 /* Views */,
				0405F35422BED80B00D10155 /* Supporting Files */,
				04AE45C522BDEF70006F0C40 /* Info.plist */,
			);
			path = Todoey;
			sourceTree = "<group>";
		};
		723792A7CB4FFC87ED6D0849 /* Frameworks */ = {
			isa = PBXGroup;
			children = (
				A06DF66AFDEE1991ED5622E2 /* Pods_Todoey.framework */,
			);
			name = Frameworks;
			sourceTree = "<group>";
		};
		D64BB7136FC1AD043B23ED7D /* Pods */ = {
			isa = PBXGroup;
			children = (
				09CCF3ED096F07391AAA05DB /* Pods-Todoey.debug.xcconfig */,
				F2BF724CB411CDF55ADD74B9 /* Pods-Todoey.release.xcconfig */,
			);
			path = Pods;
			sourceTree = "<group>";
		};
/* End PBXGroup section */

/* Begin PBXNativeTarget section */
		04AE45B522BDEF6E006F0C40 /* Todoey */ = {
			isa = PBXNativeTarget;
			buildConfigurationList = 04AE45C822BDEF70006F0C40 /* Build configuration list for PBXNativeTarget "Todoey" */;
			buildPhases = (
				FE9962E48CF2D9049249D53F /* [CP] Check Pods Manifest.lock */,
				04AE45B222BDEF6E006F0C40 /* Sources */,
				04AE45B322BDEF6E006F0C40 /* Frameworks */,
				04AE45B422BDEF6E006F0C40 /* Resources */,
				32E5167773E4C7E2455896AC /* [CP] Embed Pods Frameworks */,
			);
			buildRules = (
			);
			dependencies = (
			);
			name = Todoey;
			productName = Todoey;
			productReference = 04AE45B622BDEF6E006F0C40 /* Todoey.app */;
			productType = "com.apple.product-type.application";
		};
/* End PBXNativeTarget section */

/* Begin PBXProject section */
		04AE45AE22BDEF6E006F0C40 /* Project object */ = {
			isa = PBXProject;
			attributes = {
				LastSwiftUpdateCheck = 1020;
				LastUpgradeCheck = 1020;
				ORGANIZATIONNAME = "Ben Osterman";
				TargetAttributes = {
					04AE45B522BDEF6E006F0C40 = {
						CreatedOnToolsVersion = 10.2.1;
					};
				};
			};
			buildConfigurationList = 04AE45B122BDEF6E006F0C40 /* Build configuration list for PBXProject "Todoey" */;
			compatibilityVersion = "Xcode 9.3";
			developmentRegion = en;
			hasScannedForEncodings = 0;
			knownRegions = (
				en,
				Base,
			);
			mainGroup = 04AE45AD22BDEF6E006F0C40;
			productRefGroup = 04AE45B722BDEF6E006F0C40 /* Products */;
			projectDirPath = "";
			projectRoot = "";
			targets = (
				04AE45B522BDEF6E006F0C40 /* Todoey */,
			);
		};
/* End PBXProject section */

/* Begin PBXResourcesBuildPhase section */
		04AE45B422BDEF6E006F0C40 /* Resources */ = {
			isa = PBXResourcesBuildPhase;
			buildActionMask = 2147483647;
			files = (
				04AE45C422BDEF70006F0C40 /* LaunchScreen.storyboard in Resources */,
				04AE45C122BDEF70006F0C40 /* Assets.xcassets in Resources */,
				04AE45BF22BDEF6E006F0C40 /* Main.storyboard in Resources */,
			);
			runOnlyForDeploymentPostprocessing = 0;
		};
/* End PBXResourcesBuildPhase section */

/* Begin PBXShellScriptBuildPhase section */
		32E5167773E4C7E2455896AC /* [CP] Embed Pods Frameworks */ = {
			isa = PBXShellScriptBuildPhase;
			buildActionMask = 2147483647;
			files = (
			);
			inputFileListPaths = (
				"${PODS_ROOT}/Target Support Files/Pods-Todoey/Pods-Todoey-frameworks-${CONFIGURATION}-input-files.xcfilelist",
			);
			name = "[CP] Embed Pods Frameworks";
			outputFileListPaths = (
				"${PODS_ROOT}/Target Support Files/Pods-Todoey/Pods-Todoey-frameworks-${CONFIGURATION}-output-files.xcfilelist",
			);
			runOnlyForDeploymentPostprocessing = 0;
			shellPath = /bin/sh;
			shellScript = "\"${PODS_ROOT}/Target Support Files/Pods-Todoey/Pods-Todoey-frameworks.sh\"\n";
			showEnvVarsInLog = 0;
		};
		FE9962E48CF2D9049249D53F /* [CP] Check Pods Manifest.lock */ = {
			isa = PBXShellScriptBuildPhase;
			buildActionMask = 2147483647;
			files = (
			);
			inputFileListPaths = (
			);
			inputPaths = (
				"${PODS_PODFILE_DIR_PATH}/Podfile.lock",
				"${PODS_ROOT}/Manifest.lock",
			);
			name = "[CP] Check Pods Manifest.lock";
			outputFileListPaths = (
			);
			outputPaths = (
				"$(DERIVED_FILE_DIR)/Pods-Todoey-checkManifestLockResult.txt",
			);
			runOnlyForDeploymentPostprocessing = 0;
			shellPath = /bin/sh;
			shellScript = "diff \"${PODS_PODFILE_DIR_PATH}/Podfile.lock\" \"${PODS_ROOT}/Manifest.lock\" > /dev/null\nif [ $? != 0 ] ; then\n    # print error to STDERR\n    echo \"error: The sandbox is not in sync with the Podfile.lock. Run 'pod install' or update your CocoaPods installation.\" >&2\n    exit 1\nfi\n# This output is used by Xcode 'outputs' to avoid re-running this script phase.\necho \"SUCCESS\" > \"${SCRIPT_OUTPUT_FILE_0}\"\n";
			showEnvVarsInLog = 0;
		};
/* End PBXShellScriptBuildPhase section */

/* Begin PBXSourcesBuildPhase section */
		04AE45B222BDEF6E006F0C40 /* Sources */ = {
			isa = PBXSourcesBuildPhase;
			buildActionMask = 2147483647;
			files = (
				04EB8FAE22C7C6700001BBC8 /* Item.swift in Sources */,
				04AE45BC22BDEF6E006F0C40 /* TodoListViewController.swift in Sources */,
				04AE45BA22BDEF6E006F0C40 /* AppDelegate.swift in Sources */,
				04C0E7E922C3300300492253 /* CategoryTableViewController.swift in Sources */,
				04EB8FB022C7C6790001BBC8 /* Category.swift in Sources */,
			);
			runOnlyForDeploymentPostprocessing = 0;
		};
/* End PBXSourcesBuildPhase section */

/* Begin PBXVariantGroup section */
		04AE45BD22BDEF6E006F0C40 /* Main.storyboard */ = {
			isa = PBXVariantGroup;
			children = (
				04AE45BE22BDEF6E006F0C40 /* Base */,
			);
			name = Main.storyboard;
			sourceTree = "<group>";
		};
		04AE45C222BDEF70006F0C40 /* LaunchScreen.storyboard */ = {
			isa = PBXVariantGroup;
			children = (
				04AE45C322BDEF70006F0C40 /* Base */,
			);
			name = LaunchScreen.storyboard;
			sourceTree = "<group>";
		};
/* End PBXVariantGroup section */

/* Begin XCBuildConfiguration section */
		04AE45C622BDEF70006F0C40 /* Debug */ = {
			isa = XCBuildConfiguration;
			buildSettings = {
				ALWAYS_SEARCH_USER_PATHS = NO;
				CLANG_ANALYZER_NONNULL = YES;
				CLANG_ANALYZER_NUMBER_OBJECT_CONVERSION = YES_AGGRESSIVE;
				CLANG_CXX_LANGUAGE_STANDARD = "gnu++14";
				CLANG_CXX_LIBRARY = "libc++";
				CLANG_ENABLE_MODULES = YES;
				CLANG_ENABLE_OBJC_ARC = YES;
				CLANG_ENABLE_OBJC_WEAK = YES;
				CLANG_WARN_BLOCK_CAPTURE_AUTORELEASING = YES;
				CLANG_WARN_BOOL_CONVERSION = YES;
				CLANG_WARN_COMMA = YES;
				CLANG_WARN_CONSTANT_CONVERSION = YES;
				CLANG_WARN_DEPRECATED_OBJC_IMPLEMENTATIONS = YES;
				CLANG_WARN_DIRECT_OBJC_ISA_USAGE = YES_ERROR;
				CLANG_WARN_DOCUMENTATION_COMMENTS = YES;
				CLANG_WARN_EMPTY_BODY = YES;
				CLANG_WARN_ENUM_CONVERSION = YES;
				CLANG_WARN_INFINITE_RECURSION = YES;
				CLANG_WARN_INT_CONVERSION = YES;
				CLANG_WARN_NON_LITERAL_NULL_CONVERSION = YES;
				CLANG_WARN_OBJC_IMPLICIT_RETAIN_SELF = YES;
				CLANG_WARN_OBJC_LITERAL_CONVERSION = YES;
				CLANG_WARN_OBJC_ROOT_CLASS = YES_ERROR;
				CLANG_WARN_RANGE_LOOP_ANALYSIS = YES;
				CLANG_WARN_STRICT_PROTOTYPES = YES;
				CLANG_WARN_SUSPICIOUS_MOVE = YES;
				CLANG_WARN_UNGUARDED_AVAILABILITY = YES_AGGRESSIVE;
				CLANG_WARN_UNREACHABLE_CODE = YES;
				CLANG_WARN__DUPLICATE_METHOD_MATCH = YES;
				CODE_SIGN_IDENTITY = "iPhone Developer";
				COPY_PHASE_STRIP = NO;
				DEBUG_INFORMATION_FORMAT = dwarf;
				ENABLE_STRICT_OBJC_MSGSEND = YES;
				ENABLE_TESTABILITY = YES;
				GCC_C_LANGUAGE_STANDARD = gnu11;
				GCC_DYNAMIC_NO_PIC = NO;
				GCC_NO_COMMON_BLOCKS = YES;
				GCC_OPTIMIZATION_LEVEL = 0;
				GCC_PREPROCESSOR_DEFINITIONS = (
					"DEBUG=1",
					"$(inherited)",
				);
				GCC_WARN_64_TO_32_BIT_CONVERSION = YES;
				GCC_WARN_ABOUT_RETURN_TYPE = YES_ERROR;
				GCC_WARN_UNDECLARED_SELECTOR = YES;
				GCC_WARN_UNINITIALIZED_AUTOS = YES_AGGRESSIVE;
				GCC_WARN_UNUSED_FUNCTION = YES;
				GCC_WARN_UNUSED_VARIABLE = YES;
				IPHONEOS_DEPLOYMENT_TARGET = 12.2;
				MTL_ENABLE_DEBUG_INFO = INCLUDE_SOURCE;
				MTL_FAST_MATH = YES;
				ONLY_ACTIVE_ARCH = YES;
				SDKROOT = iphoneos;
				SWIFT_ACTIVE_COMPILATION_CONDITIONS = DEBUG;
				SWIFT_OPTIMIZATION_LEVEL = "-Onone";
			};
			name = Debug;
		};
		04AE45C722BDEF70006F0C40 /* Release */ = {
			isa = XCBuildConfiguration;
			buildSettings = {
				ALWAYS_SEARCH_USER_PATHS = NO;
				CLANG_ANALYZER_NONNULL = YES;
				CLANG_ANALYZER_NUMBER_OBJECT_CONVERSION = YES_AGGRESSIVE;
				CLANG_CXX_LANGUAGE_STANDARD = "gnu++14";
				CLANG_CXX_LIBRARY = "libc++";
				CLANG_ENABLE_MODULES = YES;
				CLANG_ENABLE_OBJC_ARC = YES;
				CLANG_ENABLE_OBJC_WEAK = YES;
				CLANG_WARN_BLOCK_CAPTURE_AUTORELEASING = YES;
				CLANG_WARN_BOOL_CONVERSION = YES;
				CLANG_WARN_COMMA = YES;
				CLANG_WARN_CONSTANT_CONVERSION = YES;
				CLANG_WARN_DEPRECATED_OBJC_IMPLEMENTATIONS = YES;
				CLANG_WARN_DIRECT_OBJC_ISA_USAGE = YES_ERROR;
				CLANG_WARN_DOCUMENTATION_COMMENTS = YES;
				CLANG_WARN_EMPTY_BODY = YES;
				CLANG_WARN_ENUM_CONVERSION = YES;
				CLANG_WARN_INFINITE_RECURSION = YES;
				CLANG_WARN_INT_CONVERSION = YES;
				CLANG_WARN_NON_LITERAL_NULL_CONVERSION = YES;
				CLANG_WARN_OBJC_IMPLICIT_RETAIN_SELF = YES;
				CLANG_WARN_OBJC_LITERAL_CONVERSION = YES;
				CLANG_WARN_OBJC_ROOT_CLASS = YES_ERROR;
				CLANG_WARN_RANGE_LOOP_ANALYSIS = YES;
				CLANG_WARN_STRICT_PROTOTYPES = YES;
				CLANG_WARN_SUSPICIOUS_MOVE = YES;
				CLANG_WARN_UNGUARDED_AVAILABILITY = YES_AGGRESSIVE;
				CLANG_WARN_UNREACHABLE_CODE = YES;
				CLANG_WARN__DUPLICATE_METHOD_MATCH = YES;
				CODE_SIGN_IDENTITY = "iPhone Developer";
				COPY_PHASE_STRIP = NO;
				DEBUG_INFORMATION_FORMAT = "dwarf-with-dsym";
				ENABLE_NS_ASSERTIONS = NO;
				ENABLE_STRICT_OBJC_MSGSEND = YES;
				GCC_C_LANGUAGE_STANDARD = gnu11;
				GCC_NO_COMMON_BLOCKS = YES;
				GCC_WARN_64_TO_32_BIT_CONVERSION = YES;
				GCC_WARN_ABOUT_RETURN_TYPE = YES_ERROR;
				GCC_WARN_UNDECLARED_SELECTOR = YES;
				GCC_WARN_UNINITIALIZED_AUTOS = YES_AGGRESSIVE;
				GCC_WARN_UNUSED_FUNCTION = YES;
				GCC_WARN_UNUSED_VARIABLE = YES;
				IPHONEOS_DEPLOYMENT_TARGET = 12.2;
				MTL_ENABLE_DEBUG_INFO = NO;
				MTL_FAST_MATH = YES;
				SDKROOT = iphoneos;
				SWIFT_COMPILATION_MODE = wholemodule;
				SWIFT_OPTIMIZATION_LEVEL = "-O";
				VALIDATE_PRODUCT = YES;
			};
			name = Release;
		};
		04AE45C922BDEF70006F0C40 /* Debug */ = {
			isa = XCBuildConfiguration;
			baseConfigurationReference = 09CCF3ED096F07391AAA05DB /* Pods-Todoey.debug.xcconfig */;
			buildSettings = {
				ASSETCATALOG_COMPILER_APPICON_NAME = AppIcon;
				CODE_SIGN_STYLE = Automatic;
				DEVELOPMENT_TEAM = 3XGC33H5MR;
				INFOPLIST_FILE = Todoey/Info.plist;
				LD_RUNPATH_SEARCH_PATHS = (
					"$(inherited)",
					"@executable_path/Frameworks",
				);
				PRODUCT_BUNDLE_IDENTIFIER = com.benosterman.Todoey;
				PRODUCT_NAME = "$(TARGET_NAME)";
				SWIFT_VERSION = 5.0;
				TARGETED_DEVICE_FAMILY = "1,2";
			};
			name = Debug;
		};
		04AE45CA22BDEF70006F0C40 /* Release */ = {
			isa = XCBuildConfiguration;
			baseConfigurationReference = F2BF724CB411CDF55ADD74B9 /* Pods-Todoey.release.xcconfig */;
			buildSettings = {
				ASSETCATALOG_COMPILER_APPICON_NAME = AppIcon;
				CODE_SIGN_STYLE = Automatic;
				DEVELOPMENT_TEAM = 3XGC33H5MR;
				INFOPLIST_FILE = Todoey/Info.plist;
				LD_RUNPATH_SEARCH_PATHS = (
					"$(inherited)",
					"@executable_path/Frameworks",
				);
				PRODUCT_BUNDLE_IDENTIFIER = com.benosterman.Todoey;
				PRODUCT_NAME = "$(TARGET_NAME)";
				SWIFT_VERSION = 5.0;
				TARGETED_DEVICE_FAMILY = "1,2";
			};
			name = Release;
		};
/* End XCBuildConfiguration section */

/* Begin XCConfigurationList section */
		04AE45B122BDEF6E006F0C40 /* Build configuration list for PBXProject "Todoey" */ = {
			isa = XCConfigurationList;
			buildConfigurations = (
				04AE45C622BDEF70006F0C40 /* Debug */,
				04AE45C722BDEF70006F0C40 /* Release */,
			);
			defaultConfigurationIsVisible = 0;
			defaultConfigurationName = Release;
		};
		04AE45C822BDEF70006F0C40 /* Build configuration list for PBXNativeTarget "Todoey" */ = {
			isa = XCConfigurationList;
			buildConfigurations = (
				04AE45C922BDEF70006F0C40 /* Debug */,
				04AE45CA22BDEF70006F0C40 /* Release */,
			);
			defaultConfigurationIsVisible = 0;
			defaultConfigurationName = Release;
		};
/* End XCConfigurationList section */
	};
	rootObject = 04AE45AE22BDEF6E006F0C40 /* Project object */;
}
